{
  "name": "prisma-js",
  "version": "1.0.2",
  "lockfileVersion": 3,
  "requires": true,
  "packages": {
    "": {
      "name": "prisma-js",
      "version": "1.0.2",
      "license": "ISC",
      "dependencies": {
        "@capacitor/app": "latest",
        "@capacitor/geolocation": "latest"
      }
    },
    "node_modules/@capacitor/app": {
      "version": "6.0.0",
      "resolved": "https://registry.npmjs.org/@capacitor/app/-/app-6.0.0.tgz",
      "integrity": "sha512-X5UGd90Jh5p9rmoPyMqFyFWqOypdJgVJhYcM5X1YyDVJJGzmJ5MuYv1+ajj5DW9Qyh+5a3th9WYptdGby8jidA==",
      "peerDependencies": {
        "@capacitor/core": "^6.0.0"
      }
    },
    "node_modules/@capacitor/core": {
      "version": "6.1.0",
      "resolved": "https://registry.npmjs.org/@capacitor/core/-/core-6.1.0.tgz",
      "integrity": "sha512-Kt4ONm0X9xxJXn9Q73oBaKdzep5B/VJw3VjXa2eGul4cD2k37mJwgjpXSMRnLH0Aju5bCiRL8J/hMAfTlokO6A==",
      "peer": true,
      "dependencies": {
        "tslib": "^2.1.0"
      }
    },
    "node_modules/@capacitor/geolocation": {
      "version": "6.0.0",
      "resolved": "https://registry.npmjs.org/@capacitor/geolocation/-/geolocation-6.0.0.tgz",
      "integrity": "sha512-8wrZe6gqfZmsCdvOvrqmezi2Pa8Nz6bQUFbDWsjUKHRzs+qreYNXngzhgKO83GEhHvodiJMnoDJrD2JeQt7FZg==",
      "peerDependencies": {
        "@capacitor/core": "^6.0.0"
      }
    },
    "node_modules/tslib": {
      "version": "2.6.3",
      "resolved": "https://registry.npmjs.org/tslib/-/tslib-2.6.3.tgz",
      "integrity": "sha512-xNvxJEOUiWPGhUuUdQgAJPKOOJfGnIyKySOc09XkKsgdUV/3E2zvwZYdejjmRgPCgcym1juLH3226yA7sEFJKQ==",
      "peer": true
    }
  }
}
